
Microsoft Visual Studio Solution File, Format Version 12.00
# Visual Studio Version 17
VisualStudioVersion = 17.10.35013.160
MinimumVisualStudioVersion = 10.0.40219.1
Project("{FAE04EC0-301F-11D3-BF4B-00C04F79EFBC}") = "IntrodactionToDotNET", "IntrodactionToDotNET\IntrodactionToDotNET.csproj", "{88A624FD-9B58-4B9F-B6A7-30886805E635}"
EndProject
Project("{FAE04EC0-301F-11D3-BF4B-00C04F79EFBC}") = "DataType", "DataType\DataType.csproj", "{C9FA8B81-1396-4B6F-A672-B1C9E4379C2F}"
EndProject
Project("{FAE04EC0-301F-11D3-BF4B-00C04F79EFBC}") = "Factorial", "Factorial\Factorial.csproj", "{DD8D0C77-7A8E-499C-844C-65FD48D69DF2}"
EndProject
Project("{FAE04EC0-301F-11D3-BF4B-00C04F79EFBC}") = "Calk", "Calk\Calk.csproj", "{5CFA96C7-231A-4C9A-9EF8-E6476FC339FE}"
EndProject
Global
	GlobalSection(SolutionConfigurationPlatforms) = preSolution
		Debug|Any CPU = Debug|Any CPU
		Release|Any CPU = Release|Any CPU
	EndGlobalSection
	GlobalSection(ProjectConfigurationPlatforms) = postSolution
		{88A624FD-9B58-4B9F-B6A7-30886805E635}.Debug|Any CPU.ActiveCfg = Debug|Any CPU
		{88A624FD-9B58-4B9F-B6A7-30886805E635}.Debug|Any CPU.Build.0 = Debug|Any CPU
		{88A624FD-9B58-4B9F-B6A7-30886805E635}.Release|Any CPU.ActiveCfg = Release|Any CPU
		{88A624FD-9B58-4B9F-B6A7-30886805E635}.Release|Any CPU.Build.0 = Release|Any CPU
		{C9FA8B81-1396-4B6F-A672-B1C9E4379C2F}.Debug|Any CPU.ActiveCfg = Debug|Any CPU
		{C9FA8B81-1396-4B6F-A672-B1C9E4379C2F}.Debug|Any CPU.Build.0 = Debug|Any CPU
		{C9FA8B81-1396-4B6F-A672-B1C9E4379C2F}.Release|Any CPU.ActiveCfg = Release|Any CPU
		{C9FA8B81-1396-4B6F-A672-B1C9E4379C2F}.Release|Any CPU.Build.0 = Release|Any CPU
		{DD8D0C77-7A8E-499C-844C-65FD48D69DF2}.Debug|Any CPU.ActiveCfg = Debug|Any CPU
		{DD8D0C77-7A8E-499C-844C-65FD48D69DF2}.Debug|Any CPU.Build.0 = Debug|Any CPU
		{DD8D0C77-7A8E-499C-844C-65FD48D69DF2}.Release|Any CPU.ActiveCfg = Release|Any CPU
		{DD8D0C77-7A8E-499C-844C-65FD48D69DF2}.Release|Any CPU.Build.0 = Release|Any CPU
		{5CFA96C7-231A-4C9A-9EF8-E6476FC339FE}.Debug|Any CPU.ActiveCfg = Debug|Any CPU
		{5CFA96C7-231A-4C9A-9EF8-E6476FC339FE}.Debug|Any CPU.Build.0 = Debug|Any CPU
		{5CFA96C7-231A-4C9A-9EF8-E6476FC339FE}.Release|Any CPU.ActiveCfg = Release|Any CPU
		{5CFA96C7-231A-4C9A-9EF8-E6476FC339FE}.Release|Any CPU.Build.0 = Release|Any CPU
	EndGlobalSection
	GlobalSection(SolutionProperties) = preSolution
		HideSolutionNode = FALSE
	EndGlobalSection
	GlobalSection(ExtensibilityGlobals) = postSolution
		SolutionGuid = {B2842B48-D8C6-4785-8178-FF98B35971CA}
	EndGlobalSection
EndGlobal
